
Microsoft Visual Studio Solution File, Format Version 12.00
# Visual Studio Version 17
VisualStudioVersion = 17.9.34701.34
MinimumVisualStudioVersion = 10.0.40219.1
Project("{FAE04EC0-301F-11D3-BF4B-00C04F79EFBC}") = "Solution", "Solution\Solution.csproj", "{45191BEA-F492-409B-90BC-ECD0C25172EB}"
EndProject
Global
	GlobalSection(SolutionConfigurationPlatforms) = preSolution
		Debug|Any CPU = Debug|Any CPU
		Release|Any CPU = Release|Any CPU
	EndGlobalSection
	GlobalSection(ProjectConfigurationPlatforms) = postSolution
		{45191BEA-F492-409B-90BC-ECD0C25172EB}.Debug|Any CPU.ActiveCfg = Debug|Any CPU
		{45191BEA-F492-409B-90BC-ECD0C25172EB}.Debug|Any CPU.Build.0 = Debug|Any CPU
		{45191BEA-F492-409B-90BC-ECD0C25172EB}.Release|Any CPU.ActiveCfg = Release|Any CPU
		{45191BEA-F492-409B-90BC-ECD0C25172EB}.Release|Any CPU.Build.0 = Release|Any CPU
	EndGlobalSection
	GlobalSection(SolutionProperties) = preSolution
		HideSolutionNode = FALSE
	EndGlobalSection
	GlobalSection(ExtensibilityGlobals) = postSolution
		SolutionGuid = {C95ED479-9C19-4DC2-B198-123493BE9185}
	EndGlobalSection
EndGlobal
